
Microsoft Visual Studio Solution File, Format Version 12.00
# Visual Studio Version 17
VisualStudioVersion = 17.5.33209.295
MinimumVisualStudioVersion = 10.0.40219.1
Project("{9A19103F-16F7-4668-BE54-9A1E7A4F7556}") = "ImageResizer", "ImageResizer.csproj", "{5F3CBFA7-3558-4598-9344-9A0005A009B8}"
EndProject
Project("{9A19103F-16F7-4668-BE54-9A1E7A4F7556}") = "imageResizerTests", "..\imageResizerTests\imageResizerTests.csproj", "{D826600D-615E-4BF2-93A3-09FE45514465}"
EndProject
Global
	GlobalSection(SolutionConfigurationPlatforms) = preSolution
		Debug|Any CPU = Debug|Any CPU
		Release|Any CPU = Release|Any CPU
	EndGlobalSection
	GlobalSection(ProjectConfigurationPlatforms) = postSolution
		{5F3CBFA7-3558-4598-9344-9A0005A009B8}.Debug|Any CPU.ActiveCfg = Debug|Any CPU
		{5F3CBFA7-3558-4598-9344-9A0005A009B8}.Debug|Any CPU.Build.0 = Debug|Any CPU
		{5F3CBFA7-3558-4598-9344-9A0005A009B8}.Release|Any CPU.ActiveCfg = Release|Any CPU
		{5F3CBFA7-3558-4598-9344-9A0005A009B8}.Release|Any CPU.Build.0 = Release|Any CPU
		{D826600D-615E-4BF2-93A3-09FE45514465}.Debug|Any CPU.ActiveCfg = Debug|Any CPU
		{D826600D-615E-4BF2-93A3-09FE45514465}.Debug|Any CPU.Build.0 = Debug|Any CPU
		{D826600D-615E-4BF2-93A3-09FE45514465}.Release|Any CPU.ActiveCfg = Release|Any CPU
		{D826600D-615E-4BF2-93A3-09FE45514465}.Release|Any CPU.Build.0 = Release|Any CPU
	EndGlobalSection
	GlobalSection(SolutionProperties) = preSolution
		HideSolutionNode = FALSE
	EndGlobalSection
	GlobalSection(ExtensibilityGlobals) = postSolution
		SolutionGuid = {4CC2A9D6-8CF6-428C-A7FB-8F006AD99534}
	EndGlobalSection
EndGlobal
